<?xml version="1.0" encoding="utf-8"?>
<Project ToolsVersion="4.0" xmlns="http://schemas.microsoft.com/developer/msbuild/2003">
  <ItemGroup>
    <ClCompile Include="basic.cpp" />
    <ClCompile Include="bbaudio.cpp" />
    <ClCompile Include="bbbank.cpp" />
    <ClCompile Include="bbblitz3d.cpp" />
    <ClCompile Include="bbfilesystem.cpp" />
    <ClCompile Include="bbgraphics.cpp" />
    <ClCompile Include="bbinput.cpp" />
    <ClCompile Include="bbmath.cpp" />
    <ClCompile Include="bbruntime.cpp" />
    <ClCompile Include="bbsockets.cpp" />
    <ClCompile Include="bbstream.cpp" />
    <ClCompile Include="bbstring.cpp" />
    <ClCompile Include="bbsys.cpp" />
    <ClCompile Include="std.cpp" />
    <ClCompile Include="userlibs.cpp" />
    <ClCompile Include="zip.cpp">
      <Filter>ZipUtils</Filter>
    </ClCompile>
    <ClCompile Include="unzip.cpp">
      <Filter>ZipUtils</Filter>
    </ClCompile>
  </ItemGroup>
  <ItemGroup>
    <ClInclude Include="basic.h" />
    <ClInclude Include="bbaudio.h" />
    <ClInclude Include="bbbank.h" />
    <ClInclude Include="bbblitz3d.h" />
    <ClInclude Include="bbfilesystem.h" />
    <ClInclude Include="bbgraphics.h" />
    <ClInclude Include="bbinput.h" />
    <ClInclude Include="bbmath.h" />
    <ClInclude Include="bbruntime.h" />
    <ClInclude Include="bbsockets.h" />
    <ClInclude Include="bbstream.h" />
    <ClInclude Include="bbstring.h" />
    <ClInclude Include="bbsys.h" />
    <ClInclude Include="resource.h" />
    <ClInclude Include="std.h" />
    <ClInclude Include="userlibs.h" />
    <ClInclude Include="unzip.h">
      <Filter>ZipUtils</Filter>
    </ClInclude>
    <ClInclude Include="zip.h">
      <Filter>ZipUtils</Filter>
    </ClInclude>
    <ClInclude Include="constants.h" />
  </ItemGroup>
  <ItemGroup>
    <Filter Include="ZipUtils">
      <UniqueIdentifier>{6902609c-1a65-4f3c-a618-57139459519d}</UniqueIdentifier>
    </Filter>
  </ItemGroup>
</Project>